<?xml version="1.0" encoding="UTF-8" standalone="yes" ?>
<CodeBlocks_project_file>
	<FileVersion major="1" minor="6" />
	<Project>
		<Option title="simlib" />
		<Option pch_mode="2" />
		<Option compiler="gcc" />
		<Build>
			<Target title="Debug">
				<Option output="lib\libsimlib" prefix_auto="1" extension_auto="1" />
				<Option working_dir="" />
				<Option object_output="obj\Debug\" />
				<Option type="2" />
				<Option compiler="gcc" />
				<Option createDefFile="1" />
				<Compiler>
					<Add option="-Wall" />
					<Add option="-g" />
				</Compiler>
			</Target>
			<Target title="Release">
				<Option output="lib\libsimlib" prefix_auto="1" extension_auto="1" />
				<Option working_dir="" />
				<Option object_output="obj\Release\" />
				<Option type="2" />
				<Option compiler="gcc" />
				<Option createDefFile="1" />
				<Compiler>
					<Add option="-Wall" />
					<Add option="-O2" />
				</Compiler>
				<Linker>
					<Add option="-s" />
				</Linker>
			</Target>
		</Build>
		<Unit filename="include\simlib\Console.hpp" />
		<Unit filename="include\simlib\General.hpp" />
		<Unit filename="include\simlib\Math.hpp" />
		<Unit filename="include\simlib\String.hpp" />
		<Unit filename="include\simlib\Timer.hpp" />
		<Unit filename="include\simlib\simlib.hpp" />
		<Unit filename="src\Console.cpp" />
		<Unit filename="src\General.cpp" />
		<Unit filename="src\Math.cpp" />
		<Unit filename="src\String.cpp" />
		<Unit filename="src\Timer.cpp" />
		<Unit filename="src\simlib.cpp" />
		<Extensions>
			<code_completion />
			<envvars />
			<debugger />
			<lib_finder disable_auto="1" />
		</Extensions>
	</Project>
</CodeBlocks_project_file>
