<?xml version="1.0" encoding="UTF-8" standalone="yes" ?>
<CodeBlocks_project_file>
	<FileVersion major="1" minor="6" />
	<Project>
		<Option title="wrench" />
		<Option pch_mode="2" />
		<Option compiler="gcc" />
		<Build>
			<Target title="Debug">
				<Option output="lib\libwrench-d" prefix_auto="1" extension_auto="1" />
				<Option working_dir="" />
				<Option object_output="obj\Debug\" />
				<Option type="2" />
				<Option compiler="gcc" />
				<Option createDefFile="1" />
				<Compiler>
					<Add option="-Wall" />
					<Add option="-g" />
				</Compiler>
			</Target>
			<Target title="Release">
				<Option output="lib\libwrench" prefix_auto="1" extension_auto="1" />
				<Option working_dir="" />
				<Option object_output="obj\Release\" />
				<Option type="2" />
				<Option compiler="gcc" />
				<Option createDefFile="1" />
				<Compiler>
					<Add option="-Wall" />
					<Add option="-O2" />
				</Compiler>
				<Linker>
					<Add option="-s" />
				</Linker>
			</Target>
		</Build>
		<VirtualTargets>
			<Add alias="All" targets="Debug;Release;" />
		</VirtualTargets>
		<Unit filename="include\wrench\Console.hpp" />
		<Unit filename="include\wrench\General.hpp" />
		<Unit filename="include\wrench\GlobalOps.hpp" />
		<Unit filename="include\wrench\Joystick.hpp" />
		<Unit filename="include\wrench\Math.hpp" />
		<Unit filename="include\wrench\String.hpp" />
		<Unit filename="include\wrench\Timer.hpp" />
		<Unit filename="include\wrench\wrench.hpp" />
		<Unit filename="src\Console.cpp" />
		<Unit filename="src\General.cpp" />
		<Unit filename="src\Joystick.cpp" />
		<Unit filename="src\Math.cpp" />
		<Unit filename="src\String.cpp" />
		<Unit filename="src\Timer.cpp" />
		<Extensions>
			<code_completion />
			<envvars />
			<debugger />
			<lib_finder disable_auto="1" />
		</Extensions>
	</Project>
</CodeBlocks_project_file>
